
Microsoft Visual Studio Solution File, Format Version 12.00
Project("{FAE04EC0-301F-11D3-BF4B-00C04F79EFBC}") = "Mud9Bot", "Mud9Bot\Mud9Bot.csproj", "{19FB786F-CCF6-4760-B98D-454506E6E7FF}"
EndProject
Project("{FAE04EC0-301F-11D3-BF4B-00C04F79EFBC}") = "ChineseCharacterIdentifier", "ChineseCharacterIdentifier\ChineseCharacterIdentifier.csproj", "{E7D71A0D-78BC-48B9-81E4-764C65952717}"
EndProject
Project("{FAE04EC0-301F-11D3-BF4B-00C04F79EFBC}") = "Mud9Bot.MigrationTool", "Mud9Bot.MigrationTool\Mud9Bot.MigrationTool.csproj", "{DF8BB30E-8133-4979-92A9-16DC9D58F7AD}"
EndProject
Project("{FAE04EC0-301F-11D3-BF4B-00C04F79EFBC}") = "Mud9Bot.Data", "Mud9Bot.Data\Mud9Bot.Data.csproj", "{F4E41BA0-61EF-47A5-9B2B-229ACE4FB209}"
EndProject
Project("{FAE04EC0-301F-11D3-BF4B-00C04F79EFBC}") = "Mud9Bot.Web", "Mud9Bot.Web\Mud9Bot.Web.csproj", "{0A45494F-5B47-468B-978D-7A2CF05691C3}"
EndProject
Project("{2150E333-8FDC-42A3-9474-1A3956D46DE8}") = ".github", ".github", "{BCB06D94-0D70-4EFB-8BE0-1506FC716344}"
EndProject
Project("{2150E333-8FDC-42A3-9474-1A3956D46DE8}") = "workflows", "workflows", "{B11D9FDF-3F87-47E0-B9D8-624F6C40F175}"
	ProjectSection(SolutionItems) = preProject
		deploy.yml = deploy.yml
	EndProjectSection
EndProject
Global
	GlobalSection(SolutionConfigurationPlatforms) = preSolution
		Debug|Any CPU = Debug|Any CPU
		Release|Any CPU = Release|Any CPU
	EndGlobalSection
	GlobalSection(ProjectConfigurationPlatforms) = postSolution
		{19FB786F-CCF6-4760-B98D-454506E6E7FF}.Debug|Any CPU.ActiveCfg = Debug|Any CPU
		{19FB786F-CCF6-4760-B98D-454506E6E7FF}.Debug|Any CPU.Build.0 = Debug|Any CPU
		{19FB786F-CCF6-4760-B98D-454506E6E7FF}.Release|Any CPU.ActiveCfg = Release|Any CPU
		{19FB786F-CCF6-4760-B98D-454506E6E7FF}.Release|Any CPU.Build.0 = Release|Any CPU
		{E7D71A0D-78BC-48B9-81E4-764C65952717}.Debug|Any CPU.ActiveCfg = Debug|Any CPU
		{E7D71A0D-78BC-48B9-81E4-764C65952717}.Debug|Any CPU.Build.0 = Debug|Any CPU
		{E7D71A0D-78BC-48B9-81E4-764C65952717}.Release|Any CPU.ActiveCfg = Release|Any CPU
		{E7D71A0D-78BC-48B9-81E4-764C65952717}.Release|Any CPU.Build.0 = Release|Any CPU
		{DF8BB30E-8133-4979-92A9-16DC9D58F7AD}.Debug|Any CPU.ActiveCfg = Debug|Any CPU
		{DF8BB30E-8133-4979-92A9-16DC9D58F7AD}.Debug|Any CPU.Build.0 = Debug|Any CPU
		{DF8BB30E-8133-4979-92A9-16DC9D58F7AD}.Release|Any CPU.ActiveCfg = Release|Any CPU
		{DF8BB30E-8133-4979-92A9-16DC9D58F7AD}.Release|Any CPU.Build.0 = Release|Any CPU
		{F4E41BA0-61EF-47A5-9B2B-229ACE4FB209}.Debug|Any CPU.ActiveCfg = Debug|Any CPU
		{F4E41BA0-61EF-47A5-9B2B-229ACE4FB209}.Debug|Any CPU.Build.0 = Debug|Any CPU
		{F4E41BA0-61EF-47A5-9B2B-229ACE4FB209}.Release|Any CPU.ActiveCfg = Release|Any CPU
		{F4E41BA0-61EF-47A5-9B2B-229ACE4FB209}.Release|Any CPU.Build.0 = Release|Any CPU
		{0A45494F-5B47-468B-978D-7A2CF05691C3}.Debug|Any CPU.ActiveCfg = Debug|Any CPU
		{0A45494F-5B47-468B-978D-7A2CF05691C3}.Debug|Any CPU.Build.0 = Debug|Any CPU
		{0A45494F-5B47-468B-978D-7A2CF05691C3}.Release|Any CPU.ActiveCfg = Release|Any CPU
		{0A45494F-5B47-468B-978D-7A2CF05691C3}.Release|Any CPU.Build.0 = Release|Any CPU
	EndGlobalSection
	GlobalSection(NestedProjects) = preSolution
		{B11D9FDF-3F87-47E0-B9D8-624F6C40F175} = {BCB06D94-0D70-4EFB-8BE0-1506FC716344}
	EndGlobalSection
EndGlobal
